
Microsoft Visual Studio Solution File, Format Version 12.00
# Visual Studio 15
VisualStudioVersion = 15.0.28307.438
MinimumVisualStudioVersion = 10.0.40219.1
Project("{9A19103F-16F7-4668-BE54-9A1E7A4F7556}") = "WebStoreAPI", "WebStoreAPI\WebStoreAPI.csproj", "{CE446B74-FD00-42EE-A0BF-B3D166D89EAA}"
EndProject
Project("{9A19103F-16F7-4668-BE54-9A1E7A4F7556}") = "DataLibrary", "DataLibrary\DataLibrary.csproj", "{E1861FAA-1214-4141-8FBD-23A07ED3FB63}"
EndProject
Project("{9A19103F-16F7-4668-BE54-9A1E7A4F7556}") = "CQS", "CommandAndQuerySeparation\CQS.csproj", "{886D9B55-E991-48E7-8056-E0427389EA4D}"
EndProject
Project("{9A19103F-16F7-4668-BE54-9A1E7A4F7556}") = "Validators", "Validators\Validators.csproj", "{DAE0B3A8-4D79-4AE6-B948-47AD439DF3EC}"
EndProject
Project("{9A19103F-16F7-4668-BE54-9A1E7A4F7556}") = "Specification", "Specification\Specification.csproj", "{1A8DB894-EC0B-4A98-B18D-8E0292401482}"
EndProject
Project("{FAE04EC0-301F-11D3-BF4B-00C04F79EFBC}") = "APIModels", "APIModels\APIModels.csproj", "{8C1C9FBC-36ED-421F-910F-3D55BF94D051}"
EndProject
Global
	GlobalSection(SolutionConfigurationPlatforms) = preSolution
		Debug|Any CPU = Debug|Any CPU
		Release|Any CPU = Release|Any CPU
	EndGlobalSection
	GlobalSection(ProjectConfigurationPlatforms) = postSolution
		{CE446B74-FD00-42EE-A0BF-B3D166D89EAA}.Debug|Any CPU.ActiveCfg = Debug|Any CPU
		{CE446B74-FD00-42EE-A0BF-B3D166D89EAA}.Debug|Any CPU.Build.0 = Debug|Any CPU
		{CE446B74-FD00-42EE-A0BF-B3D166D89EAA}.Release|Any CPU.ActiveCfg = Release|Any CPU
		{CE446B74-FD00-42EE-A0BF-B3D166D89EAA}.Release|Any CPU.Build.0 = Release|Any CPU
		{E1861FAA-1214-4141-8FBD-23A07ED3FB63}.Debug|Any CPU.ActiveCfg = Debug|Any CPU
		{E1861FAA-1214-4141-8FBD-23A07ED3FB63}.Debug|Any CPU.Build.0 = Debug|Any CPU
		{E1861FAA-1214-4141-8FBD-23A07ED3FB63}.Release|Any CPU.ActiveCfg = Release|Any CPU
		{E1861FAA-1214-4141-8FBD-23A07ED3FB63}.Release|Any CPU.Build.0 = Release|Any CPU
		{886D9B55-E991-48E7-8056-E0427389EA4D}.Debug|Any CPU.ActiveCfg = Debug|Any CPU
		{886D9B55-E991-48E7-8056-E0427389EA4D}.Debug|Any CPU.Build.0 = Debug|Any CPU
		{886D9B55-E991-48E7-8056-E0427389EA4D}.Release|Any CPU.ActiveCfg = Release|Any CPU
		{886D9B55-E991-48E7-8056-E0427389EA4D}.Release|Any CPU.Build.0 = Release|Any CPU
		{DAE0B3A8-4D79-4AE6-B948-47AD439DF3EC}.Debug|Any CPU.ActiveCfg = Debug|Any CPU
		{DAE0B3A8-4D79-4AE6-B948-47AD439DF3EC}.Debug|Any CPU.Build.0 = Debug|Any CPU
		{DAE0B3A8-4D79-4AE6-B948-47AD439DF3EC}.Release|Any CPU.ActiveCfg = Release|Any CPU
		{DAE0B3A8-4D79-4AE6-B948-47AD439DF3EC}.Release|Any CPU.Build.0 = Release|Any CPU
		{1A8DB894-EC0B-4A98-B18D-8E0292401482}.Debug|Any CPU.ActiveCfg = Debug|Any CPU
		{1A8DB894-EC0B-4A98-B18D-8E0292401482}.Debug|Any CPU.Build.0 = Debug|Any CPU
		{1A8DB894-EC0B-4A98-B18D-8E0292401482}.Release|Any CPU.ActiveCfg = Release|Any CPU
		{1A8DB894-EC0B-4A98-B18D-8E0292401482}.Release|Any CPU.Build.0 = Release|Any CPU
		{8C1C9FBC-36ED-421F-910F-3D55BF94D051}.Debug|Any CPU.ActiveCfg = Debug|Any CPU
		{8C1C9FBC-36ED-421F-910F-3D55BF94D051}.Debug|Any CPU.Build.0 = Debug|Any CPU
		{8C1C9FBC-36ED-421F-910F-3D55BF94D051}.Release|Any CPU.ActiveCfg = Release|Any CPU
		{8C1C9FBC-36ED-421F-910F-3D55BF94D051}.Release|Any CPU.Build.0 = Release|Any CPU
	EndGlobalSection
	GlobalSection(SolutionProperties) = preSolution
		HideSolutionNode = FALSE
	EndGlobalSection
	GlobalSection(ExtensibilityGlobals) = postSolution
		SolutionGuid = {0ABA4BB3-F014-4E98-8936-3A394D05FBC2}
	EndGlobalSection
EndGlobal
